
Microsoft Visual Studio Solution File, Format Version 12.00
# Visual Studio Version 17
VisualStudioVersion = 17.5.2.0
MinimumVisualStudioVersion = 10.0.40219.1
Project("{FAE04EC0-301F-11D3-BF4B-00C04F79EFBC}") = "SmartInvoice.API", "SmartInvoice.API\SmartInvoice.API.csproj", "{48CABCB5-2A7B-2E8F-3B9A-26AEBD96CFEA}"
EndProject
Project("{FAE04EC0-301F-11D3-BF4B-00C04F79EFBC}") = "SmartInvoice.Domain", "SmartInvoice.Domain\SmartInvoice.Domain.csproj", "{1801C719-0E63-4E83-839A-EFA18A74AD66}"
EndProject
Project("{FAE04EC0-301F-11D3-BF4B-00C04F79EFBC}") = "SmartInvoice.Infrastructure", "SmartInvoice.Infrastructure\SmartInvoice.Infrastructure.csproj", "{1A8D6D6F-E2E8-413C-A4BC-2F54DEACD4DD}"
EndProject
Project("{FAE04EC0-301F-11D3-BF4B-00C04F79EFBC}") = "SmartInvoice.Application", "SmartInvoice.Application\SmartInvoice.Application.csproj", "{C1C0C2A2-BD33-477C-B87A-6E3653EAF6AE}"
EndProject
Global
	GlobalSection(SolutionConfigurationPlatforms) = preSolution
		Debug|Any CPU = Debug|Any CPU
		Release|Any CPU = Release|Any CPU
	EndGlobalSection
	GlobalSection(ProjectConfigurationPlatforms) = postSolution
		{48CABCB5-2A7B-2E8F-3B9A-26AEBD96CFEA}.Debug|Any CPU.ActiveCfg = Debug|Any CPU
		{48CABCB5-2A7B-2E8F-3B9A-26AEBD96CFEA}.Debug|Any CPU.Build.0 = Debug|Any CPU
		{48CABCB5-2A7B-2E8F-3B9A-26AEBD96CFEA}.Release|Any CPU.ActiveCfg = Release|Any CPU
		{48CABCB5-2A7B-2E8F-3B9A-26AEBD96CFEA}.Release|Any CPU.Build.0 = Release|Any CPU
		{1801C719-0E63-4E83-839A-EFA18A74AD66}.Debug|Any CPU.ActiveCfg = Debug|Any CPU
		{1801C719-0E63-4E83-839A-EFA18A74AD66}.Debug|Any CPU.Build.0 = Debug|Any CPU
		{1801C719-0E63-4E83-839A-EFA18A74AD66}.Release|Any CPU.ActiveCfg = Release|Any CPU
		{1801C719-0E63-4E83-839A-EFA18A74AD66}.Release|Any CPU.Build.0 = Release|Any CPU
		{1A8D6D6F-E2E8-413C-A4BC-2F54DEACD4DD}.Debug|Any CPU.ActiveCfg = Debug|Any CPU
		{1A8D6D6F-E2E8-413C-A4BC-2F54DEACD4DD}.Debug|Any CPU.Build.0 = Debug|Any CPU
		{1A8D6D6F-E2E8-413C-A4BC-2F54DEACD4DD}.Release|Any CPU.ActiveCfg = Release|Any CPU
		{1A8D6D6F-E2E8-413C-A4BC-2F54DEACD4DD}.Release|Any CPU.Build.0 = Release|Any CPU
		{C1C0C2A2-BD33-477C-B87A-6E3653EAF6AE}.Debug|Any CPU.ActiveCfg = Debug|Any CPU
		{C1C0C2A2-BD33-477C-B87A-6E3653EAF6AE}.Debug|Any CPU.Build.0 = Debug|Any CPU
		{C1C0C2A2-BD33-477C-B87A-6E3653EAF6AE}.Release|Any CPU.ActiveCfg = Release|Any CPU
		{C1C0C2A2-BD33-477C-B87A-6E3653EAF6AE}.Release|Any CPU.Build.0 = Release|Any CPU
	EndGlobalSection
	GlobalSection(SolutionProperties) = preSolution
		HideSolutionNode = FALSE
	EndGlobalSection
	GlobalSection(ExtensibilityGlobals) = postSolution
		SolutionGuid = {F28D2D8D-9BF8-4873-B669-DBD23F6F358A}
	EndGlobalSection
EndGlobal
